// !$*UTF8*$!
{
	archiveVersion = 1;
	classes = {
	};
	objectVersion = 46;
	objects = {

/* Begin PBXBuildFile section */
		0619F9031386ECDF00C27453 /* JPAdvertisementBannerViewController.m in Sources */ = {isa = PBXBuildFile; fileRef = 0619F8FF1386ECDF00C27453 /* JPAdvertisementBannerViewController.m */; };
		061B74831398096E00D7EF79 /* MainWindow-iPad.xib in Resources */ = {isa = PBXBuildFile; fileRef = 061B74811398096E00D7EF79 /* MainWindow-iPad.xib */; };
		068ECB6F1386D7750012C46C /* UIKit.framework in Frameworks */ = {isa = PBXBuildFile; fileRef = 068ECB6E1386D7750012C46C /* UIKit.framework */; };
		068ECB711386D7750012C46C /* Foundation.framework in Frameworks */ = {isa = PBXBuildFile; fileRef = 068ECB701386D7750012C46C /* Foundation.framework */; };
		068ECB731386D7750012C46C /* CoreGraphics.framework in Frameworks */ = {isa = PBXBuildFile; fileRef = 068ECB721386D7750012C46C /* CoreGraphics.framework */; };
		068ECB791386D7750012C46C /* InfoPlist.strings in Resources */ = {isa = PBXBuildFile; fileRef = 068ECB771386D7750012C46C /* InfoPlist.strings */; };
		068ECB7C1386D7750012C46C /* main.m in Sources */ = {isa = PBXBuildFile; fileRef = 068ECB7B1386D7750012C46C /* main.m */; };
		068ECB7F1386D7750012C46C /* JPAdvertisementAppDelegate.m in Sources */ = {isa = PBXBuildFile; fileRef = 068ECB7E1386D7750012C46C /* JPAdvertisementAppDelegate.m */; };
		068ECB821386D7750012C46C /* MainWindow.xib in Resources */ = {isa = PBXBuildFile; fileRef = 068ECB801386D7750012C46C /* MainWindow.xib */; };
		068ECB9E1386DC5C0012C46C /* JPStandInViewController.m in Sources */ = {isa = PBXBuildFile; fileRef = 068ECB9C1386DC5C0012C46C /* JPStandInViewController.m */; };
		068ECB9F1386DC5C0012C46C /* JPAdvertisementPlaygroundViewController.xib in Resources */ = {isa = PBXBuildFile; fileRef = 068ECB9D1386DC5C0012C46C /* JPAdvertisementPlaygroundViewController.xib */; };
		D888211D13F05F6400FBA136 /* LICENSE in Resources */ = {isa = PBXBuildFile; fileRef = D888211C13F05F6400FBA136 /* LICENSE */; };
		D888211F13F05F6900FBA136 /* README.textile in Resources */ = {isa = PBXBuildFile; fileRef = D888211E13F05F6900FBA136 /* README.textile */; };
		D89FF068148B0DC200D1BAD5 /* Grades_appstore.plist in Resources */ = {isa = PBXBuildFile; fileRef = D89FF066148B0DC200D1BAD5 /* Grades_appstore.plist */; };
		D89FF069148B0DC200D1BAD5 /* Grades_website.plist in Resources */ = {isa = PBXBuildFile; fileRef = D89FF067148B0DC200D1BAD5 /* Grades_website.plist */; };
		D8E1579A13DDE3F900EA4C72 /* Icon-72.png in Resources */ = {isa = PBXBuildFile; fileRef = D8E1579213DDE3F900EA4C72 /* Icon-72.png */; };
		D8E1579B13DDE3F900EA4C72 /* Icon-AppStore.jpg in Resources */ = {isa = PBXBuildFile; fileRef = D8E1579313DDE3F900EA4C72 /* Icon-AppStore.jpg */; };
		D8E1579C13DDE3F900EA4C72 /* Icon-Small-50.png in Resources */ = {isa = PBXBuildFile; fileRef = D8E1579413DDE3F900EA4C72 /* Icon-Small-50.png */; };
		D8E1579D13DDE3F900EA4C72 /* Icon-Small.png in Resources */ = {isa = PBXBuildFile; fileRef = D8E1579513DDE3F900EA4C72 /* Icon-Small.png */; };
		D8E1579E13DDE3F900EA4C72 /* Icon-Small@2x.png in Resources */ = {isa = PBXBuildFile; fileRef = D8E1579613DDE3F900EA4C72 /* Icon-Small@2x.png */; };
		D8E1579F13DDE3F900EA4C72 /* Icon.png in Resources */ = {isa = PBXBuildFile; fileRef = D8E1579713DDE3F900EA4C72 /* Icon.png */; };
		D8E157A013DDE3F900EA4C72 /* Icon@2x.png in Resources */ = {isa = PBXBuildFile; fileRef = D8E1579813DDE3F900EA4C72 /* Icon@2x.png */; };
		D8E157A113DDE3F900EA4C72 /* iTunesArtwork in Resources */ = {isa = PBXBuildFile; fileRef = D8E1579913DDE3F900EA4C72 /* iTunesArtwork */; };
		D8E157AC13DDE42300EA4C72 /* GradesLandscapeHandheld.png in Resources */ = {isa = PBXBuildFile; fileRef = D8E157A313DDE42300EA4C72 /* GradesLandscapeHandheld.png */; };
		D8E157AD13DDE42300EA4C72 /* GradesLandscapeHandheld@2x.png in Resources */ = {isa = PBXBuildFile; fileRef = D8E157A413DDE42300EA4C72 /* GradesLandscapeHandheld@2x.png */; };
		D8E157AE13DDE42300EA4C72 /* GradesLandscapeTablet.png in Resources */ = {isa = PBXBuildFile; fileRef = D8E157A513DDE42300EA4C72 /* GradesLandscapeTablet.png */; };
		D8E157AF13DDE42300EA4C72 /* GradesLandscapeTablet@2x.png in Resources */ = {isa = PBXBuildFile; fileRef = D8E157A613DDE42300EA4C72 /* GradesLandscapeTablet@2x.png */; };
		D8E157B013DDE42300EA4C72 /* GradesPortraitHandheld.png in Resources */ = {isa = PBXBuildFile; fileRef = D8E157A713DDE42300EA4C72 /* GradesPortraitHandheld.png */; };
		D8E157B113DDE42300EA4C72 /* GradesPortraitHandheld@2x.png in Resources */ = {isa = PBXBuildFile; fileRef = D8E157A813DDE42300EA4C72 /* GradesPortraitHandheld@2x.png */; };
		D8E157B213DDE42300EA4C72 /* GradesPortraitTablet.png in Resources */ = {isa = PBXBuildFile; fileRef = D8E157A913DDE42300EA4C72 /* GradesPortraitTablet.png */; };
		D8E157B313DDE42300EA4C72 /* GradesPortraitTablet@2x.png in Resources */ = {isa = PBXBuildFile; fileRef = D8E157AA13DDE42300EA4C72 /* GradesPortraitTablet@2x.png */; };
/* End PBXBuildFile section */

/* Begin PBXFileReference section */
		0619F8FE1386ECDF00C27453 /* JPAdvertisementBannerViewController.h */ = {isa = PBXFileReference; fileEncoding = 4; lastKnownFileType = sourcecode.c.h; path = JPAdvertisementBannerViewController.h; sourceTree = "<group>"; };
		0619F8FF1386ECDF00C27453 /* JPAdvertisementBannerViewController.m */ = {isa = PBXFileReference; fileEncoding = 4; lastKnownFileType = sourcecode.c.objc; path = JPAdvertisementBannerViewController.m; sourceTree = "<group>"; };
		061B74821398096E00D7EF79 /* en */ = {isa = PBXFileReference; lastKnownFileType = file.xib; name = en; path = "iPad/en.lproj/MainWindow-iPad.xib"; sourceTree = "<group>"; };
		068ECB6A1386D7750012C46C /* JPAdvertisement.app */ = {isa = PBXFileReference; explicitFileType = wrapper.application; includeInIndex = 0; path = JPAdvertisement.app; sourceTree = BUILT_PRODUCTS_DIR; };
		068ECB6E1386D7750012C46C /* UIKit.framework */ = {isa = PBXFileReference; lastKnownFileType = wrapper.framework; name = UIKit.framework; path = System/Library/Frameworks/UIKit.framework; sourceTree = SDKROOT; };
		068ECB701386D7750012C46C /* Foundation.framework */ = {isa = PBXFileReference; lastKnownFileType = wrapper.framework; name = Foundation.framework; path = System/Library/Frameworks/Foundation.framework; sourceTree = SDKROOT; };
		068ECB721386D7750012C46C /* CoreGraphics.framework */ = {isa = PBXFileReference; lastKnownFileType = wrapper.framework; name = CoreGraphics.framework; path = System/Library/Frameworks/CoreGraphics.framework; sourceTree = SDKROOT; };
		068ECB761386D7750012C46C /* JPAdvertisement-Info.plist */ = {isa = PBXFileReference; lastKnownFileType = text.plist.xml; path = "JPAdvertisement-Info.plist"; sourceTree = "<group>"; };
		068ECB781386D7750012C46C /* en */ = {isa = PBXFileReference; lastKnownFileType = text.plist.strings; name = en; path = en.lproj/InfoPlist.strings; sourceTree = "<group>"; };
		068ECB7A1386D7750012C46C /* JPAdvertisement-Prefix.pch */ = {isa = PBXFileReference; lastKnownFileType = sourcecode.c.h; path = "JPAdvertisement-Prefix.pch"; sourceTree = "<group>"; };
		068ECB7B1386D7750012C46C /* main.m */ = {isa = PBXFileReference; lastKnownFileType = sourcecode.c.objc; path = main.m; sourceTree = "<group>"; };
		068ECB7D1386D7750012C46C /* JPAdvertisementAppDelegate.h */ = {isa = PBXFileReference; lastKnownFileType = sourcecode.c.h; path = JPAdvertisementAppDelegate.h; sourceTree = "<group>"; };
		068ECB7E1386D7750012C46C /* JPAdvertisementAppDelegate.m */ = {isa = PBXFileReference; lastKnownFileType = sourcecode.c.objc; path = JPAdvertisementAppDelegate.m; sourceTree = "<group>"; };
		068ECB811386D7750012C46C /* en */ = {isa = PBXFileReference; lastKnownFileType = file.xib; name = en; path = en.lproj/MainWindow.xib; sourceTree = "<group>"; };
		068ECB9B1386DC5C0012C46C /* JPStandInViewController.h */ = {isa = PBXFileReference; fileEncoding = 4; lastKnownFileType = sourcecode.c.h; path = JPStandInViewController.h; sourceTree = "<group>"; };
		068ECB9C1386DC5C0012C46C /* JPStandInViewController.m */ = {isa = PBXFileReference; fileEncoding = 4; lastKnownFileType = sourcecode.c.objc; path = JPStandInViewController.m; sourceTree = "<group>"; };
		068ECB9D1386DC5C0012C46C /* JPAdvertisementPlaygroundViewController.xib */ = {isa = PBXFileReference; fileEncoding = 4; lastKnownFileType = file.xib; path = JPAdvertisementPlaygroundViewController.xib; sourceTree = "<group>"; };
		D888211C13F05F6400FBA136 /* LICENSE */ = {isa = PBXFileReference; fileEncoding = 4; lastKnownFileType = text; path = LICENSE; sourceTree = "<group>"; };
		D888211E13F05F6900FBA136 /* README.textile */ = {isa = PBXFileReference; fileEncoding = 4; lastKnownFileType = text; path = README.textile; sourceTree = "<group>"; };
		D89FF066148B0DC200D1BAD5 /* Grades_appstore.plist */ = {isa = PBXFileReference; fileEncoding = 4; lastKnownFileType = text.plist.xml; name = Grades_appstore.plist; path = "JPAdvertisement/Grades Sample Ad/Grades_appstore.plist"; sourceTree = SOURCE_ROOT; };
		D89FF067148B0DC200D1BAD5 /* Grades_website.plist */ = {isa = PBXFileReference; fileEncoding = 4; lastKnownFileType = text.plist.xml; name = Grades_website.plist; path = "JPAdvertisement/Grades Sample Ad/Grades_website.plist"; sourceTree = SOURCE_ROOT; };
		D8E1579213DDE3F900EA4C72 /* Icon-72.png */ = {isa = PBXFileReference; lastKnownFileType = image.png; path = "Icon-72.png"; sourceTree = "<group>"; };
		D8E1579313DDE3F900EA4C72 /* Icon-AppStore.jpg */ = {isa = PBXFileReference; lastKnownFileType = image.jpeg; path = "Icon-AppStore.jpg"; sourceTree = "<group>"; };
		D8E1579413DDE3F900EA4C72 /* Icon-Small-50.png */ = {isa = PBXFileReference; lastKnownFileType = image.png; path = "Icon-Small-50.png"; sourceTree = "<group>"; };
		D8E1579513DDE3F900EA4C72 /* Icon-Small.png */ = {isa = PBXFileReference; lastKnownFileType = image.png; path = "Icon-Small.png"; sourceTree = "<group>"; };
		D8E1579613DDE3F900EA4C72 /* Icon-Small@2x.png */ = {isa = PBXFileReference; lastKnownFileType = image.png; path = "Icon-Small@2x.png"; sourceTree = "<group>"; };
		D8E1579713DDE3F900EA4C72 /* Icon.png */ = {isa = PBXFileReference; lastKnownFileType = image.png; path = Icon.png; sourceTree = "<group>"; };
		D8E1579813DDE3F900EA4C72 /* Icon@2x.png */ = {isa = PBXFileReference; lastKnownFileType = image.png; path = "Icon@2x.png"; sourceTree = "<group>"; };
		D8E1579913DDE3F900EA4C72 /* iTunesArtwork */ = {isa = PBXFileReference; lastKnownFileType = file; path = iTunesArtwork; sourceTree = "<group>"; };
		D8E157A313DDE42300EA4C72 /* GradesLandscapeHandheld.png */ = {isa = PBXFileReference; lastKnownFileType = image.png; name = GradesLandscapeHandheld.png; path = "JPAdvertisement/Grades Sample Ad/GradesLandscapeHandheld.png"; sourceTree = SOURCE_ROOT; };
		D8E157A413DDE42300EA4C72 /* GradesLandscapeHandheld@2x.png */ = {isa = PBXFileReference; lastKnownFileType = image.png; name = "GradesLandscapeHandheld@2x.png"; path = "JPAdvertisement/Grades Sample Ad/GradesLandscapeHandheld@2x.png"; sourceTree = SOURCE_ROOT; };
		D8E157A513DDE42300EA4C72 /* GradesLandscapeTablet.png */ = {isa = PBXFileReference; lastKnownFileType = image.png; name = GradesLandscapeTablet.png; path = "JPAdvertisement/Grades Sample Ad/GradesLandscapeTablet.png"; sourceTree = SOURCE_ROOT; };
		D8E157A613DDE42300EA4C72 /* GradesLandscapeTablet@2x.png */ = {isa = PBXFileReference; lastKnownFileType = image.png; name = "GradesLandscapeTablet@2x.png"; path = "JPAdvertisement/Grades Sample Ad/GradesLandscapeTablet@2x.png"; sourceTree = SOURCE_ROOT; };
		D8E157A713DDE42300EA4C72 /* GradesPortraitHandheld.png */ = {isa = PBXFileReference; lastKnownFileType = image.png; name = GradesPortraitHandheld.png; path = "JPAdvertisement/Grades Sample Ad/GradesPortraitHandheld.png"; sourceTree = SOURCE_ROOT; };
		D8E157A813DDE42300EA4C72 /* GradesPortraitHandheld@2x.png */ = {isa = PBXFileReference; lastKnownFileType = image.png; name = "GradesPortraitHandheld@2x.png"; path = "JPAdvertisement/Grades Sample Ad/GradesPortraitHandheld@2x.png"; sourceTree = SOURCE_ROOT; };
		D8E157A913DDE42300EA4C72 /* GradesPortraitTablet.png */ = {isa = PBXFileReference; lastKnownFileType = image.png; name = GradesPortraitTablet.png; path = "JPAdvertisement/Grades Sample Ad/GradesPortraitTablet.png"; sourceTree = SOURCE_ROOT; };
		D8E157AA13DDE42300EA4C72 /* GradesPortraitTablet@2x.png */ = {isa = PBXFileReference; lastKnownFileType = image.png; name = "GradesPortraitTablet@2x.png"; path = "JPAdvertisement/Grades Sample Ad/GradesPortraitTablet@2x.png"; sourceTree = SOURCE_ROOT; };
/* End PBXFileReference section */

/* Begin PBXFrameworksBuildPhase section */
		068ECB671386D7750012C46C /* Frameworks */ = {
			isa = PBXFrameworksBuildPhase;
			buildActionMask = 2147483647;
			files = (
				068ECB6F1386D7750012C46C /* UIKit.framework in Frameworks */,
				068ECB711386D7750012C46C /* Foundation.framework in Frameworks */,
				068ECB731386D7750012C46C /* CoreGraphics.framework in Frameworks */,
			);
			runOnlyForDeploymentPostprocessing = 0;
		};
/* End PBXFrameworksBuildPhase section */

/* Begin PBXGroup section */
		0619F8FD1386ECDF00C27453 /* JPAdvert */ = {
			isa = PBXGroup;
			children = (
				0619F8FE1386ECDF00C27453 /* JPAdvertisementBannerViewController.h */,
				0619F8FF1386ECDF00C27453 /* JPAdvertisementBannerViewController.m */,
			);
			path = JPAdvert;
			sourceTree = "<group>";
		};
		061B74801398096D00D7EF79 /* iPad */ = {
			isa = PBXGroup;
			children = (
				061B74811398096E00D7EF79 /* MainWindow-iPad.xib */,
			);
			name = iPad;
			sourceTree = "<group>";
		};
		068ECB5F1386D7750012C46C = {
			isa = PBXGroup;
			children = (
				D888211C13F05F6400FBA136 /* LICENSE */,
				D888211E13F05F6900FBA136 /* README.textile */,
				068ECB741386D7750012C46C /* JPAdvertisement */,
				068ECB6D1386D7750012C46C /* Frameworks */,
				068ECB6B1386D7750012C46C /* Products */,
			);
			sourceTree = "<group>";
		};
		068ECB6B1386D7750012C46C /* Products */ = {
			isa = PBXGroup;
			children = (
				068ECB6A1386D7750012C46C /* JPAdvertisement.app */,
			);
			name = Products;
			sourceTree = "<group>";
		};
		068ECB6D1386D7750012C46C /* Frameworks */ = {
			isa = PBXGroup;
			children = (
				068ECB6E1386D7750012C46C /* UIKit.framework */,
				068ECB701386D7750012C46C /* Foundation.framework */,
				068ECB721386D7750012C46C /* CoreGraphics.framework */,
			);
			name = Frameworks;
			sourceTree = "<group>";
		};
		068ECB741386D7750012C46C /* JPAdvertisement */ = {
			isa = PBXGroup;
			children = (
				061B74801398096D00D7EF79 /* iPad */,
				D8E1579113DDE3F900EA4C72 /* Icons */,
				068ECBAD1386DEE80012C46C /* Grades Sample Ad */,
				0619F8FD1386ECDF00C27453 /* JPAdvert */,
				068ECBA11386DE510012C46C /* Delegate */,
				068ECBA01386DC610012C46C /* Holder view */,
				068ECB751386D7750012C46C /* Supporting Files */,
			);
			path = JPAdvertisement;
			sourceTree = "<group>";
		};
		068ECB751386D7750012C46C /* Supporting Files */ = {
			isa = PBXGroup;
			children = (
				068ECB761386D7750012C46C /* JPAdvertisement-Info.plist */,
				068ECB771386D7750012C46C /* InfoPlist.strings */,
				068ECB7A1386D7750012C46C /* JPAdvertisement-Prefix.pch */,
				068ECB7B1386D7750012C46C /* main.m */,
			);
			name = "Supporting Files";
			sourceTree = "<group>";
		};
		068ECBA01386DC610012C46C /* Holder view */ = {
			isa = PBXGroup;
			children = (
				068ECB9B1386DC5C0012C46C /* JPStandInViewController.h */,
				068ECB9C1386DC5C0012C46C /* JPStandInViewController.m */,
				068ECB9D1386DC5C0012C46C /* JPAdvertisementPlaygroundViewController.xib */,
			);
			name = "Holder view";
			sourceTree = "<group>";
		};
		068ECBA11386DE510012C46C /* Delegate */ = {
			isa = PBXGroup;
			children = (
				068ECB7D1386D7750012C46C /* JPAdvertisementAppDelegate.h */,
				068ECB7E1386D7750012C46C /* JPAdvertisementAppDelegate.m */,
				068ECB801386D7750012C46C /* MainWindow.xib */,
			);
			name = Delegate;
			sourceTree = "<group>";
		};
		068ECBAD1386DEE80012C46C /* Grades Sample Ad */ = {
			isa = PBXGroup;
			children = (
				D89FF066148B0DC200D1BAD5 /* Grades_appstore.plist */,
				D89FF067148B0DC200D1BAD5 /* Grades_website.plist */,
				D8E157A313DDE42300EA4C72 /* GradesLandscapeHandheld.png */,
				D8E157A413DDE42300EA4C72 /* GradesLandscapeHandheld@2x.png */,
				D8E157A513DDE42300EA4C72 /* GradesLandscapeTablet.png */,
				D8E157A613DDE42300EA4C72 /* GradesLandscapeTablet@2x.png */,
				D8E157A713DDE42300EA4C72 /* GradesPortraitHandheld.png */,
				D8E157A813DDE42300EA4C72 /* GradesPortraitHandheld@2x.png */,
				D8E157A913DDE42300EA4C72 /* GradesPortraitTablet.png */,
				D8E157AA13DDE42300EA4C72 /* GradesPortraitTablet@2x.png */,
			);
			name = "Grades Sample Ad";
			path = Grades;
			sourceTree = "<group>";
		};
		D8E1579113DDE3F900EA4C72 /* Icons */ = {
			isa = PBXGroup;
			children = (
				D8E1579213DDE3F900EA4C72 /* Icon-72.png */,
				D8E1579313DDE3F900EA4C72 /* Icon-AppStore.jpg */,
				D8E1579413DDE3F900EA4C72 /* Icon-Small-50.png */,
				D8E1579513DDE3F900EA4C72 /* Icon-Small.png */,
				D8E1579613DDE3F900EA4C72 /* Icon-Small@2x.png */,
				D8E1579713DDE3F900EA4C72 /* Icon.png */,
				D8E1579813DDE3F900EA4C72 /* Icon@2x.png */,
				D8E1579913DDE3F900EA4C72 /* iTunesArtwork */,
			);
			path = Icons;
			sourceTree = SOURCE_ROOT;
		};
/* End PBXGroup section */

/* Begin PBXNativeTarget section */
		068ECB691386D7750012C46C /* JPAdvertisement */ = {
			isa = PBXNativeTarget;
			buildConfigurationList = 068ECB8B1386D7750012C46C /* Build configuration list for PBXNativeTarget "JPAdvertisement" */;
			buildPhases = (
				068ECB661386D7750012C46C /* Sources */,
				068ECB671386D7750012C46C /* Frameworks */,
				068ECB681386D7750012C46C /* Resources */,
				D888211A13F05C8700FBA136 /* ShellScript */,
			);
			buildRules = (
			);
			dependencies = (
			);
			name = JPAdvertisement;
			productName = JPAdvertisement;
			productReference = 068ECB6A1386D7750012C46C /* JPAdvertisement.app */;
			productType = "com.apple.product-type.application";
		};
/* End PBXNativeTarget section */

/* Begin PBXProject section */
		068ECB611386D7750012C46C /* Project object */ = {
			isa = PBXProject;
			attributes = {
				ORGANIZATIONNAME = "IdiogenicOsmoles & PasquaLabs";
			};
			buildConfigurationList = 068ECB641386D7750012C46C /* Build configuration list for PBXProject "JPAdvertisement" */;
			compatibilityVersion = "Xcode 3.2";
			developmentRegion = English;
			hasScannedForEncodings = 0;
			knownRegions = (
				en,
			);
			mainGroup = 068ECB5F1386D7750012C46C;
			productRefGroup = 068ECB6B1386D7750012C46C /* Products */;
			projectDirPath = "";
			projectRoot = "";
			targets = (
				068ECB691386D7750012C46C /* JPAdvertisement */,
			);
		};
/* End PBXProject section */

/* Begin PBXResourcesBuildPhase section */
		068ECB681386D7750012C46C /* Resources */ = {
			isa = PBXResourcesBuildPhase;
			buildActionMask = 2147483647;
			files = (
				068ECB791386D7750012C46C /* InfoPlist.strings in Resources */,
				068ECB821386D7750012C46C /* MainWindow.xib in Resources */,
				068ECB9F1386DC5C0012C46C /* JPAdvertisementPlaygroundViewController.xib in Resources */,
				061B74831398096E00D7EF79 /* MainWindow-iPad.xib in Resources */,
				D8E1579A13DDE3F900EA4C72 /* Icon-72.png in Resources */,
				D8E1579B13DDE3F900EA4C72 /* Icon-AppStore.jpg in Resources */,
				D8E1579C13DDE3F900EA4C72 /* Icon-Small-50.png in Resources */,
				D8E1579D13DDE3F900EA4C72 /* Icon-Small.png in Resources */,
				D8E1579E13DDE3F900EA4C72 /* Icon-Small@2x.png in Resources */,
				D8E1579F13DDE3F900EA4C72 /* Icon.png in Resources */,
				D8E157A013DDE3F900EA4C72 /* Icon@2x.png in Resources */,
				D8E157A113DDE3F900EA4C72 /* iTunesArtwork in Resources */,
				D8E157AC13DDE42300EA4C72 /* GradesLandscapeHandheld.png in Resources */,
				D8E157AD13DDE42300EA4C72 /* GradesLandscapeHandheld@2x.png in Resources */,
				D8E157AE13DDE42300EA4C72 /* GradesLandscapeTablet.png in Resources */,
				D8E157AF13DDE42300EA4C72 /* GradesLandscapeTablet@2x.png in Resources */,
				D8E157B013DDE42300EA4C72 /* GradesPortraitHandheld.png in Resources */,
				D8E157B113DDE42300EA4C72 /* GradesPortraitHandheld@2x.png in Resources */,
				D8E157B213DDE42300EA4C72 /* GradesPortraitTablet.png in Resources */,
				D8E157B313DDE42300EA4C72 /* GradesPortraitTablet@2x.png in Resources */,
				D888211D13F05F6400FBA136 /* LICENSE in Resources */,
				D888211F13F05F6900FBA136 /* README.textile in Resources */,
				D89FF068148B0DC200D1BAD5 /* Grades_appstore.plist in Resources */,
				D89FF069148B0DC200D1BAD5 /* Grades_website.plist in Resources */,
			);
			runOnlyForDeploymentPostprocessing = 0;
		};
/* End PBXResourcesBuildPhase section */

/* Begin PBXShellScriptBuildPhase section */
		D888211A13F05C8700FBA136 /* ShellScript */ = {
			isa = PBXShellScriptBuildPhase;
			buildActionMask = 2147483647;
			files = (
			);
			inputPaths = (
			);
			outputPaths = (
			);
			runOnlyForDeploymentPostprocessing = 0;
			shellPath = /bin/sh;
			shellScript = "appledoc --logformat xcode ~/Code/OpenSource/JPAdvertisement";
		};
/* End PBXShellScriptBuildPhase section */

/* Begin PBXSourcesBuildPhase section */
		068ECB661386D7750012C46C /* Sources */ = {
			isa = PBXSourcesBuildPhase;
			buildActionMask = 2147483647;
			files = (
				068ECB7C1386D7750012C46C /* main.m in Sources */,
				068ECB7F1386D7750012C46C /* JPAdvertisementAppDelegate.m in Sources */,
				068ECB9E1386DC5C0012C46C /* JPStandInViewController.m in Sources */,
				0619F9031386ECDF00C27453 /* JPAdvertisementBannerViewController.m in Sources */,
			);
			runOnlyForDeploymentPostprocessing = 0;
		};
/* End PBXSourcesBuildPhase section */

/* Begin PBXVariantGroup section */
		061B74811398096E00D7EF79 /* MainWindow-iPad.xib */ = {
			isa = PBXVariantGroup;
			children = (
				061B74821398096E00D7EF79 /* en */,
			);
			name = "MainWindow-iPad.xib";
			sourceTree = "<group>";
		};
		068ECB771386D7750012C46C /* InfoPlist.strings */ = {
			isa = PBXVariantGroup;
			children = (
				068ECB781386D7750012C46C /* en */,
			);
			name = InfoPlist.strings;
			sourceTree = "<group>";
		};
		068ECB801386D7750012C46C /* MainWindow.xib */ = {
			isa = PBXVariantGroup;
			children = (
				068ECB811386D7750012C46C /* en */,
			);
			name = MainWindow.xib;
			sourceTree = "<group>";
		};
/* End PBXVariantGroup section */

/* Begin XCBuildConfiguration section */
		068ECB891386D7750012C46C /* Debug */ = {
			isa = XCBuildConfiguration;
			buildSettings = {
				ARCHS = "$(ARCHS_STANDARD_32_BIT)";
				"CODE_SIGN_IDENTITY[sdk=iphoneos*]" = "iPhone Developer";
				GCC_C_LANGUAGE_STANDARD = gnu99;
				GCC_OPTIMIZATION_LEVEL = 0;
				GCC_PREPROCESSOR_DEFINITIONS = DEBUG;
				GCC_SYMBOLS_PRIVATE_EXTERN = NO;
				GCC_VERSION = "";
				GCC_WARN_ABOUT_RETURN_TYPE = YES;
				GCC_WARN_UNUSED_VARIABLE = YES;
				IPHONEOS_DEPLOYMENT_TARGET = 5.0;
				SDKROOT = iphoneos5.0;
			};
			name = Debug;
		};
		068ECB8A1386D7750012C46C /* Release */ = {
			isa = XCBuildConfiguration;
			buildSettings = {
				ARCHS = "$(ARCHS_STANDARD_32_BIT)";
				"CODE_SIGN_IDENTITY[sdk=iphoneos*]" = "iPhone Developer";
				GCC_C_LANGUAGE_STANDARD = gnu99;
				GCC_VERSION = "";
				GCC_WARN_ABOUT_RETURN_TYPE = YES;
				GCC_WARN_UNUSED_VARIABLE = YES;
				IPHONEOS_DEPLOYMENT_TARGET = 5.0;
				OTHER_CFLAGS = "-DNS_BLOCK_ASSERTIONS=1";
				SDKROOT = iphoneos5.0;
			};
			name = Release;
		};
		068ECB8C1386D7750012C46C /* Debug */ = {
			isa = XCBuildConfiguration;
			buildSettings = {
				ALWAYS_SEARCH_USER_PATHS = NO;
				CLANG_ENABLE_OBJC_ARC = YES;
				COPY_PHASE_STRIP = NO;
				GCC_DYNAMIC_NO_PIC = NO;
				GCC_PRECOMPILE_PREFIX_HEADER = YES;
				GCC_PREFIX_HEADER = "JPAdvertisement/JPAdvertisement-Prefix.pch";
				GCC_VERSION = "";
				INFOPLIST_FILE = "JPAdvertisement/JPAdvertisement-Info.plist";
				IPHONEOS_DEPLOYMENT_TARGET = 5.0;
				PRODUCT_NAME = "$(TARGET_NAME)";
				TARGETED_DEVICE_FAMILY = "1,2";
				WRAPPER_EXTENSION = app;
			};
			name = Debug;
		};
		068ECB8D1386D7750012C46C /* Release */ = {
			isa = XCBuildConfiguration;
			buildSettings = {
				ALWAYS_SEARCH_USER_PATHS = NO;
				CLANG_ENABLE_OBJC_ARC = YES;
				COPY_PHASE_STRIP = YES;
				GCC_PRECOMPILE_PREFIX_HEADER = YES;
				GCC_PREFIX_HEADER = "JPAdvertisement/JPAdvertisement-Prefix.pch";
				GCC_VERSION = "";
				INFOPLIST_FILE = "JPAdvertisement/JPAdvertisement-Info.plist";
				IPHONEOS_DEPLOYMENT_TARGET = 5.0;
				PRODUCT_NAME = "$(TARGET_NAME)";
				TARGETED_DEVICE_FAMILY = "1,2";
				VALIDATE_PRODUCT = YES;
				WRAPPER_EXTENSION = app;
			};
			name = Release;
		};
/* End XCBuildConfiguration section */

/* Begin XCConfigurationList section */
		068ECB641386D7750012C46C /* Build configuration list for PBXProject "JPAdvertisement" */ = {
			isa = XCConfigurationList;
			buildConfigurations = (
				068ECB891386D7750012C46C /* Debug */,
				068ECB8A1386D7750012C46C /* Release */,
			);
			defaultConfigurationIsVisible = 0;
			defaultConfigurationName = Release;
		};
		068ECB8B1386D7750012C46C /* Build configuration list for PBXNativeTarget "JPAdvertisement" */ = {
			isa = XCConfigurationList;
			buildConfigurations = (
				068ECB8C1386D7750012C46C /* Debug */,
				068ECB8D1386D7750012C46C /* Release */,
			);
			defaultConfigurationIsVisible = 0;
			defaultConfigurationName = Release;
		};
/* End XCConfigurationList section */
	};
	rootObject = 068ECB611386D7750012C46C /* Project object */;
}
